
Microsoft Visual Studio Solution File, Format Version 12.00
# Visual Studio Version 16
VisualStudioVersion = 16.0.30907.101
MinimumVisualStudioVersion = 10.0.40219.1
Project("{9A19103F-16F7-4668-BE54-9A1E7A4F7556}") = "DataAccess", "DataAccess\DataAccess.csproj", "{31BD10F1-D458-463B-B200-6AF58DE5A9E6}"
EndProject
Project("{9A19103F-16F7-4668-BE54-9A1E7A4F7556}") = "Business", "Business\Business.csproj", "{20E2B0F0-FE90-464B-A0BA-A09104C77B45}"
EndProject
Project("{9A19103F-16F7-4668-BE54-9A1E7A4F7556}") = "Entities", "Entities\Entities.csproj", "{3606B9DF-D379-4537-BD5A-DE29BE38D4F8}"
EndProject
Project("{9A19103F-16F7-4668-BE54-9A1E7A4F7556}") = "ConsoleUI", "ConsoleUI\ConsoleUI.csproj", "{48115107-E57B-4283-A6F3-904F29B1062A}"
EndProject
Project("{9A19103F-16F7-4668-BE54-9A1E7A4F7556}") = "Core", "Core\Core.csproj", "{AF3DA9EC-E67C-4282-AD8F-7BDA1FFFD864}"
EndProject
Project("{FAE04EC0-301F-11D3-BF4B-00C04F79EFBC}") = "WebAPI", "WebAPI\WebAPI.csproj", "{6C9CD6F0-BF31-494E-84FE-D4C50039CA06}"
EndProject
Global
	GlobalSection(SolutionConfigurationPlatforms) = preSolution
		Debug|Any CPU = Debug|Any CPU
		Debug|x64 = Debug|x64
		Release|Any CPU = Release|Any CPU
		Release|x64 = Release|x64
	EndGlobalSection
	GlobalSection(ProjectConfigurationPlatforms) = postSolution
		{31BD10F1-D458-463B-B200-6AF58DE5A9E6}.Debug|Any CPU.ActiveCfg = Debug|Any CPU
		{31BD10F1-D458-463B-B200-6AF58DE5A9E6}.Debug|Any CPU.Build.0 = Debug|Any CPU
		{31BD10F1-D458-463B-B200-6AF58DE5A9E6}.Debug|x64.ActiveCfg = Debug|x64
		{31BD10F1-D458-463B-B200-6AF58DE5A9E6}.Debug|x64.Build.0 = Debug|x64
		{31BD10F1-D458-463B-B200-6AF58DE5A9E6}.Release|Any CPU.ActiveCfg = Release|Any CPU
		{31BD10F1-D458-463B-B200-6AF58DE5A9E6}.Release|Any CPU.Build.0 = Release|Any CPU
		{31BD10F1-D458-463B-B200-6AF58DE5A9E6}.Release|x64.ActiveCfg = Release|Any CPU
		{31BD10F1-D458-463B-B200-6AF58DE5A9E6}.Release|x64.Build.0 = Release|Any CPU
		{20E2B0F0-FE90-464B-A0BA-A09104C77B45}.Debug|Any CPU.ActiveCfg = Debug|Any CPU
		{20E2B0F0-FE90-464B-A0BA-A09104C77B45}.Debug|Any CPU.Build.0 = Debug|Any CPU
		{20E2B0F0-FE90-464B-A0BA-A09104C77B45}.Debug|x64.ActiveCfg = Debug|x64
		{20E2B0F0-FE90-464B-A0BA-A09104C77B45}.Debug|x64.Build.0 = Debug|x64
		{20E2B0F0-FE90-464B-A0BA-A09104C77B45}.Release|Any CPU.ActiveCfg = Release|Any CPU
		{20E2B0F0-FE90-464B-A0BA-A09104C77B45}.Release|Any CPU.Build.0 = Release|Any CPU
		{20E2B0F0-FE90-464B-A0BA-A09104C77B45}.Release|x64.ActiveCfg = Release|x64
		{20E2B0F0-FE90-464B-A0BA-A09104C77B45}.Release|x64.Build.0 = Release|x64
		{3606B9DF-D379-4537-BD5A-DE29BE38D4F8}.Debug|Any CPU.ActiveCfg = Debug|Any CPU
		{3606B9DF-D379-4537-BD5A-DE29BE38D4F8}.Debug|Any CPU.Build.0 = Debug|Any CPU
		{3606B9DF-D379-4537-BD5A-DE29BE38D4F8}.Debug|x64.ActiveCfg = Debug|x64
		{3606B9DF-D379-4537-BD5A-DE29BE38D4F8}.Debug|x64.Build.0 = Debug|x64
		{3606B9DF-D379-4537-BD5A-DE29BE38D4F8}.Release|Any CPU.ActiveCfg = Release|Any CPU
		{3606B9DF-D379-4537-BD5A-DE29BE38D4F8}.Release|Any CPU.Build.0 = Release|Any CPU
		{3606B9DF-D379-4537-BD5A-DE29BE38D4F8}.Release|x64.ActiveCfg = Release|Any CPU
		{3606B9DF-D379-4537-BD5A-DE29BE38D4F8}.Release|x64.Build.0 = Release|Any CPU
		{48115107-E57B-4283-A6F3-904F29B1062A}.Debug|Any CPU.ActiveCfg = Debug|Any CPU
		{48115107-E57B-4283-A6F3-904F29B1062A}.Debug|Any CPU.Build.0 = Debug|Any CPU
		{48115107-E57B-4283-A6F3-904F29B1062A}.Debug|x64.ActiveCfg = Debug|x64
		{48115107-E57B-4283-A6F3-904F29B1062A}.Debug|x64.Build.0 = Debug|x64
		{48115107-E57B-4283-A6F3-904F29B1062A}.Release|Any CPU.ActiveCfg = Release|Any CPU
		{48115107-E57B-4283-A6F3-904F29B1062A}.Release|Any CPU.Build.0 = Release|Any CPU
		{48115107-E57B-4283-A6F3-904F29B1062A}.Release|x64.ActiveCfg = Release|Any CPU
		{48115107-E57B-4283-A6F3-904F29B1062A}.Release|x64.Build.0 = Release|Any CPU
		{AF3DA9EC-E67C-4282-AD8F-7BDA1FFFD864}.Debug|Any CPU.ActiveCfg = Debug|Any CPU
		{AF3DA9EC-E67C-4282-AD8F-7BDA1FFFD864}.Debug|Any CPU.Build.0 = Debug|Any CPU
		{AF3DA9EC-E67C-4282-AD8F-7BDA1FFFD864}.Debug|x64.ActiveCfg = Debug|Any CPU
		{AF3DA9EC-E67C-4282-AD8F-7BDA1FFFD864}.Debug|x64.Build.0 = Debug|Any CPU
		{AF3DA9EC-E67C-4282-AD8F-7BDA1FFFD864}.Release|Any CPU.ActiveCfg = Release|Any CPU
		{AF3DA9EC-E67C-4282-AD8F-7BDA1FFFD864}.Release|Any CPU.Build.0 = Release|Any CPU
		{AF3DA9EC-E67C-4282-AD8F-7BDA1FFFD864}.Release|x64.ActiveCfg = Release|Any CPU
		{AF3DA9EC-E67C-4282-AD8F-7BDA1FFFD864}.Release|x64.Build.0 = Release|Any CPU
		{6C9CD6F0-BF31-494E-84FE-D4C50039CA06}.Debug|Any CPU.ActiveCfg = Debug|Any CPU
		{6C9CD6F0-BF31-494E-84FE-D4C50039CA06}.Debug|Any CPU.Build.0 = Debug|Any CPU
		{6C9CD6F0-BF31-494E-84FE-D4C50039CA06}.Debug|x64.ActiveCfg = Debug|Any CPU
		{6C9CD6F0-BF31-494E-84FE-D4C50039CA06}.Debug|x64.Build.0 = Debug|Any CPU
		{6C9CD6F0-BF31-494E-84FE-D4C50039CA06}.Release|Any CPU.ActiveCfg = Release|Any CPU
		{6C9CD6F0-BF31-494E-84FE-D4C50039CA06}.Release|Any CPU.Build.0 = Release|Any CPU
		{6C9CD6F0-BF31-494E-84FE-D4C50039CA06}.Release|x64.ActiveCfg = Release|Any CPU
		{6C9CD6F0-BF31-494E-84FE-D4C50039CA06}.Release|x64.Build.0 = Release|Any CPU
	EndGlobalSection
	GlobalSection(SolutionProperties) = preSolution
		HideSolutionNode = FALSE
	EndGlobalSection
	GlobalSection(ExtensibilityGlobals) = postSolution
		SolutionGuid = {920584A1-B439-46DC-AADA-9D6A8420FEC2}
	EndGlobalSection
EndGlobal
